
Microsoft Visual Studio Solution File, Format Version 12.00
# Visual Studio Version 17
VisualStudioVersion = 17.14.36623.8
MinimumVisualStudioVersion = 10.0.40219.1
Project("{FAE04EC0-301F-11D3-BF4B-00C04F79EFBC}") = "Demo01", "Demo01.csproj", "{C1A256AC-5EC0-4CC7-BB6F-EA8EE53274F8}"
EndProject
Project("{FAE04EC0-301F-11D3-BF4B-00C04F79EFBC}") = "Demo02", "..\Demo02\Demo02.csproj", "{FD2A266A-D9A6-4217-9515-DD67257314B1}"
EndProject
Global
	GlobalSection(SolutionConfigurationPlatforms) = preSolution
		Debug|Any CPU = Debug|Any CPU
		Release|Any CPU = Release|Any CPU
	EndGlobalSection
	GlobalSection(ProjectConfigurationPlatforms) = postSolution
		{C1A256AC-5EC0-4CC7-BB6F-EA8EE53274F8}.Debug|Any CPU.ActiveCfg = Debug|Any CPU
		{C1A256AC-5EC0-4CC7-BB6F-EA8EE53274F8}.Debug|Any CPU.Build.0 = Debug|Any CPU
		{C1A256AC-5EC0-4CC7-BB6F-EA8EE53274F8}.Release|Any CPU.ActiveCfg = Release|Any CPU
		{C1A256AC-5EC0-4CC7-BB6F-EA8EE53274F8}.Release|Any CPU.Build.0 = Release|Any CPU
		{FD2A266A-D9A6-4217-9515-DD67257314B1}.Debug|Any CPU.ActiveCfg = Debug|Any CPU
		{FD2A266A-D9A6-4217-9515-DD67257314B1}.Debug|Any CPU.Build.0 = Debug|Any CPU
		{FD2A266A-D9A6-4217-9515-DD67257314B1}.Release|Any CPU.ActiveCfg = Release|Any CPU
		{FD2A266A-D9A6-4217-9515-DD67257314B1}.Release|Any CPU.Build.0 = Release|Any CPU
	EndGlobalSection
	GlobalSection(SolutionProperties) = preSolution
		HideSolutionNode = FALSE
	EndGlobalSection
	GlobalSection(ExtensibilityGlobals) = postSolution
		SolutionGuid = {A837AFA4-5144-484B-8686-4AA1568ECD2B}
	EndGlobalSection
EndGlobal
